
Microsoft Visual Studio Solution File, Format Version 12.00
# Visual Studio Version 17
VisualStudioVersion = 17.10.34916.146
MinimumVisualStudioVersion = 10.0.40219.1
Project("{FAE04EC0-301F-11D3-BF4B-00C04F79EFBC}") = "ScholaAi", "ScholaAi.csproj", "{5D884DDB-8B0F-46E7-97CE-FE8827825E83}"
EndProject
Global
	GlobalSection(SolutionConfigurationPlatforms) = preSolution
		Debug|Any CPU = Debug|Any CPU
		Release|Any CPU = Release|Any CPU
	EndGlobalSection
	GlobalSection(ProjectConfigurationPlatforms) = postSolution
		{5D884DDB-8B0F-46E7-97CE-FE8827825E83}.Debug|Any CPU.ActiveCfg = Debug|Any CPU
		{5D884DDB-8B0F-46E7-97CE-FE8827825E83}.Debug|Any CPU.Build.0 = Debug|Any CPU
		{5D884DDB-8B0F-46E7-97CE-FE8827825E83}.Release|Any CPU.ActiveCfg = Release|Any CPU
		{5D884DDB-8B0F-46E7-97CE-FE8827825E83}.Release|Any CPU.Build.0 = Release|Any CPU
	EndGlobalSection
	GlobalSection(SolutionProperties) = preSolution
		HideSolutionNode = FALSE
	EndGlobalSection
	GlobalSection(ExtensibilityGlobals) = postSolution
		SolutionGuid = {475E022B-D9B0-4FF5-A855-858EC1594BDC}
	EndGlobalSection
EndGlobal
